
Microsoft Visual Studio Solution File, Format Version 12.00
# Visual Studio Version 16
VisualStudioVersion = 16.0.30204.135
MinimumVisualStudioVersion = 10.0.40219.1
Project("{FAE04EC0-301F-11D3-BF4B-00C04F79EFBC}") = "Chapter 5 - Complete Web Application", "Chapter 5 - Complete Web Application\Chapter 5 - Complete Web Application.csproj", "{2C679A42-DFF4-452D-90C4-F6FF2D1B6F33}"
EndProject
Global
	GlobalSection(SolutionConfigurationPlatforms) = preSolution
		Debug|Any CPU = Debug|Any CPU
		Release|Any CPU = Release|Any CPU
	EndGlobalSection
	GlobalSection(ProjectConfigurationPlatforms) = postSolution
		{2C679A42-DFF4-452D-90C4-F6FF2D1B6F33}.Debug|Any CPU.ActiveCfg = Debug|Any CPU
		{2C679A42-DFF4-452D-90C4-F6FF2D1B6F33}.Debug|Any CPU.Build.0 = Debug|Any CPU
		{2C679A42-DFF4-452D-90C4-F6FF2D1B6F33}.Release|Any CPU.ActiveCfg = Release|Any CPU
		{2C679A42-DFF4-452D-90C4-F6FF2D1B6F33}.Release|Any CPU.Build.0 = Release|Any CPU
	EndGlobalSection
	GlobalSection(SolutionProperties) = preSolution
		HideSolutionNode = FALSE
	EndGlobalSection
	GlobalSection(ExtensibilityGlobals) = postSolution
		SolutionGuid = {3C8D5826-D8DC-48A4-8274-FEA50A53B4AD}
	EndGlobalSection
EndGlobal
